{
    "_meta": {
        "hash": {
            "sha256": "a0618b2dab8f1768fb1a1b5f09f3f3d66c214eeabe2721e5f4987a6776bfbd4f"
        },
        "pipfile-spec": 6,
        "requires": {
            "python_version": "3"
        },
        "sources": [
            {
                "name": "pypi",
                "url": "https://pypi.python.org/simple",
                "verify_ssl": true
            }
        ]
    },
    "default": {
        "adafruit-blinka": {
            "hashes": [
                "sha256:e798e754e14a2b1c5eae468f16f3d68de669fb9c798bb5e926db667c59ba2fc7"
            ],
            "version": "==5.5.2"
        },
        "adafruit-circuitpython-busdevice": {
            "hashes": [
                "sha256:8d686bcfe1311ed39470e06121cea41c9c5675d958d52c861f612761d9674d88"
            ],
            "version": "==5.0.1"
        },
        "adafruit-circuitpython-sht31d": {
            "hashes": [
                "sha256:428596f89ab159d3209c3d7ec719530b698af6c647ece41bbef25f594f3845e8"
            ],
            "index": "pypi",
            "version": "==2.3.2"
        },
        "adafruit-io": {
            "hashes": [
                "sha256:6bda1a024810cb4614a485bc0f18000ee61cdb5cf7b0e895d0ffc2321f100af4"
            ],
            "index": "pypi",
            "version": "==2.4.0"
        },
        "adafruit-platformdetect": {
            "hashes": [
                "sha256:f2bd2ce15ad6948ce62ab7d925bd04b266d36595e7ab475bf7ee40c15a6aca44"
            ],
            "version": "==2.18.0"
        },
        "adafruit-pureio": {
            "hashes": [
                "sha256:53f39c235e115d1a67bfdc67570557fa8d81183f3e56fa3e66fdd63cced60182"
            ],
            "version": "==1.1.6"
        },
        "certifi": {
            "hashes": [
                "sha256:5930595817496dd21bb8dc35dad090f1c2cd0adfaf21204bf6732ca5d8ee34d3",
                "sha256:8fc0819f1f30ba15bdb34cceffb9ef04d99f420f68eb75d901e9560b8749fc41"
            ],
            "version": "==2020.6.20"
        },
        "chardet": {
            "hashes": [
                "sha256:84ab92ed1c4d4f16916e05906b6b75a6c0fb5db821cc65e70cbd64a3e2a5eaae",
                "sha256:fc323ffcaeaed0e0a02bf4d117757b98aed530d9ed4531e3e15460124c106691"
            ],
            "version": "==3.0.4"
        },
        "idna": {
            "hashes": [
                "sha256:b307872f855b18632ce0c21c5e45be78c0ea7ae4c15c828c20788b26921eb3f6",
                "sha256:b97d804b1e9b523befed77c48dacec60e6dcb0b5391d57af6a65a312a90648c0"
            ],
            "version": "==2.10"
        },
        "paho-mqtt": {
            "hashes": [
                "sha256:9feb068e822be7b3a116324e01fb6028eb1d66412bf98595ae72698965cb1cae"
            ],
            "version": "==1.5.1"
        },
        "pms5003": {
            "hashes": [
                "sha256:71faeada77d9d514304b6fa7d830d3bc17d626c605871c7c0ae7fee47b7976f4",
                "sha256:721ab02c7cd0e50743871f2faf7acfa7482653fd770a87a76d73cbfa00b9a896",
                "sha256:8259f683e85b55c4f8e152b6a1174c264f2d48b3effcd57fcd73bacfd1e9b2fd"
            ],
            "index": "pypi",
            "version": "==0.0.5"
        },
        "py-sds011": {
            "hashes": [
                "sha256:61c1c7944e9a80bda27fc1db892e663c602a5f340c10557b9363401b3b603471"
            ],
            "index": "pypi",
            "version": "==0.9"
        },
        "pyftdi": {
            "hashes": [
                "sha256:5f591cefc87c89177798b53c70914fadff54717433afc9ccb50213d053e87ee6",
                "sha256:f26d61fe14a3d089ea7700e774501c52ce3312f3522763a407cd33988124bd5e"
            ],
            "version": "==0.52.0"
        },
        "pyserial": {
            "hashes": [
                "sha256:6e2d401fdee0eab996cf734e67773a0143b932772ca8b42451440cfed942c627",
                "sha256:e0770fadba80c31013896c7e6ef703f72e7834965954a78e71a3049488d4d7d8"
            ],
            "index": "pypi",
            "version": "==3.4"
        },
        "python-aqi": {
            "hashes": [
                "sha256:141a03a0fed48880dc8706ca57b03f30fa91ab60e9330474bf9c9a8fb9b96020",
                "sha256:325ff7a76b66b9045e042c8086e4debd1422079b9a72cc5a072951a67b344904"
            ],
            "index": "pypi",
            "version": "==0.6.1"
        },
        "pyusb": {
            "hashes": [
                "sha256:d69ed64bff0e2102da11b3f49567256867853b861178689671a163d30865c298"
            ],
            "version": "==1.1.0"
        },
        "requests": {
            "hashes": [
                "sha256:b3559a131db72c33ee969480840fff4bb6dd111de7dd27c8ee1f820f4f00231b",
                "sha256:fe75cc94a9443b9246fc7049224f75604b113c36acb93f87b80ed42c44cbb898"
            ],
            "version": "==2.24.0"
        },
        "rpi-ws281x": {
            "hashes": [
                "sha256:461153b0ae29f28ebf7fbca781a92759a5f622d5478d3e61b0475fb0a7da6fb3",
                "sha256:6cfb8c0c429dee312b2173ea3968c3da2a3625ce57bbf580ee9f49c3edaf4504",
                "sha256:7175e708d6085bc02a9d0b8227797d697e34fd00787030ae5f119fe2f4f90889"
            ],
            "version": "==4.2.4"
        },
        "rpi.gpio": {
            "hashes": [
                "sha256:7424bc6c205466764f30f666c18187a0824077daf20b295c42f08aea2cb87d3f"
            ],
            "index": "pypi",
            "version": "==0.7.0"
        },
        "sysv-ipc": {
            "hashes": [
                "sha256:2b2b8491764845d06a9d5731ebe67f12fbe0c35967ac7f2bbe55ff24cb302405",
                "sha256:8eff10dd17789ddf21b422ce46ae0f6420088902a88e4296cb805cf2fde8b4dc",
                "sha256:a67fc5b7a3dd5fc9c50776de0c65a44eb776d29bb88364dedb1fb1149e53a1f1"
            ],
            "version": "==1.0.1"
        },
        "urllib3": {
            "hashes": [
                "sha256:91056c15fa70756691db97756772bb1eb9678fa585d9184f24534b100dc60f4a",
                "sha256:e7983572181f5e1522d9c98453462384ee92a0be7fac5f1413a1e35c56cc0461"
            ],
            "version": "==1.25.10"
        }
    },
    "develop": {}
}
