{
    "_meta": {
        "hash": {
            "sha256": "a0618b2dab8f1768fb1a1b5f09f3f3d66c214eeabe2721e5f4987a6776bfbd4f"
        },
        "pipfile-spec": 6,
        "requires": {
            "python_version": "3"
        },
        "sources": [
            {
                "name": "pypi",
                "url": "https://pypi.python.org/simple",
                "verify_ssl": true
            }
        ]
    },
    "default": {
        "adafruit-blinka": {
            "hashes": [
                "sha256:37614bbfd8a00f512c6b84ded051e363c5462436b748c7e0bc448ebb8c02b184",
                "sha256:d2edde44278181ec0d5bf54a0556e6d1cb2aad15da4e0a98f7f134a5a3a82c25"
            ],
            "markers": "python_version >= '3.7'",
            "version": "==8.9.0"
        },
        "adafruit-circuitpython-busdevice": {
            "hashes": [
                "sha256:062d010b29ba814c764fbe3a693b7ebbd329b70a9fd5ebde40e0faa020e5fae7",
                "sha256:faa572b613a0732de938ed008402dfb105d91adb5d0096bf2709f46669a94885"
            ],
            "version": "==5.2.3"
        },
        "adafruit-circuitpython-requests": {
            "hashes": [
                "sha256:48b69b11103ac9786d76dcc102085286b287d8879aaaaccaf4bec76bd3ca909d",
                "sha256:bba406ba713852a23fe3e2cd592de705f39fa32e8e527653798591a744b0481d"
            ],
            "version": "==1.12.11"
        },
        "adafruit-circuitpython-sht31d": {
            "hashes": [
                "sha256:428596f89ab159d3209c3d7ec719530b698af6c647ece41bbef25f594f3845e8"
            ],
            "index": "pypi",
            "version": "==2.3.2"
        },
        "adafruit-circuitpython-typing": {
            "hashes": [
                "sha256:31d0b597235fb8a56e875f4588800b4b2ac59c00fd554540cbe7759586aa0622",
                "sha256:6c1c2db749a7daa1528548cb899397bf4793895c80ffe2a7ce0922ad3aeabf01"
            ],
            "version": "==1.8.3"
        },
        "adafruit-io": {
            "hashes": [
                "sha256:6bda1a024810cb4614a485bc0f18000ee61cdb5cf7b0e895d0ffc2321f100af4"
            ],
            "index": "pypi",
            "version": "==2.4.0"
        },
        "adafruit-platformdetect": {
            "hashes": [
                "sha256:be1071fcd001383da96ad073235e5766a6d34ed6dfdeb4d4203c75b1883ec988"
            ],
            "markers": "python_version >= '3.7'",
            "version": "==3.37.0"
        },
        "adafruit-pureio": {
            "hashes": [
                "sha256:2caf22fb07c7f771d83267f331a76cde314723f884a9570ea6f768730c87a879"
            ],
            "markers": "python_full_version >= '3.5.0'",
            "version": "==1.1.9"
        },
        "certifi": {
            "hashes": [
                "sha256:35824b4c3a97115964b408844d64aa14db1cc518f6562e8d7261699d1350a9e3",
                "sha256:4ad3232f5e926d6718ec31cfc1fcadfde020920e278684144551c91769c7bc18"
            ],
            "index": "pypi",
            "version": "==2022.12.7"
        },
        "charset-normalizer": {
            "hashes": [
                "sha256:5a3d016c7c547f69d6f81fb0db9449ce888b418b5b9952cc5e6e66843e9dd845",
                "sha256:83e9a75d1911279afd89352c68b45348559d1fc0506b054b346651b5e7fee29f"
            ],
            "markers": "python_full_version >= '3.6.0'",
            "version": "==2.1.1"
        },
        "idna": {
            "hashes": [
                "sha256:814f528e8dead7d329833b91c5faa87d60bf71824cd12a7530b5526063d02cb4",
                "sha256:90b77e79eaa3eba6de819a0c442c0b4ceefc341a7a2ab77d7562bf49f425c5c2"
            ],
            "markers": "python_full_version >= '3.5.0'",
            "version": "==3.4"
        },
        "paho-mqtt": {
            "hashes": [
                "sha256:2a8291c81623aec00372b5a85558a372c747cbca8e9934dfe218638b8eefc26f"
            ],
            "version": "==1.6.1"
        },
        "pms5003": {
            "hashes": [
                "sha256:71faeada77d9d514304b6fa7d830d3bc17d626c605871c7c0ae7fee47b7976f4",
                "sha256:721ab02c7cd0e50743871f2faf7acfa7482653fd770a87a76d73cbfa00b9a896",
                "sha256:8259f683e85b55c4f8e152b6a1174c264f2d48b3effcd57fcd73bacfd1e9b2fd"
            ],
            "index": "pypi",
            "version": "==0.0.5"
        },
        "py-sds011": {
            "hashes": [
                "sha256:61c1c7944e9a80bda27fc1db892e663c602a5f340c10557b9363401b3b603471"
            ],
            "index": "pypi",
            "version": "==0.9"
        },
        "pyftdi": {
            "hashes": [
                "sha256:112f16ee5b2a2becb8f8df9dd40b3bba007589f34e7613024122d94bd56eb7d7",
                "sha256:8df9af22077d17533d2f95b508b1d87959877627ea5dc2369056e90a3b5a232d"
            ],
            "markers": "python_version >= '3.7'",
            "version": "==0.54.0"
        },
        "pyserial": {
            "hashes": [
                "sha256:6e2d401fdee0eab996cf734e67773a0143b932772ca8b42451440cfed942c627",
                "sha256:e0770fadba80c31013896c7e6ef703f72e7834965954a78e71a3049488d4d7d8"
            ],
            "index": "pypi",
            "version": "==3.4"
        },
        "python-aqi": {
            "hashes": [
                "sha256:141a03a0fed48880dc8706ca57b03f30fa91ab60e9330474bf9c9a8fb9b96020",
                "sha256:325ff7a76b66b9045e042c8086e4debd1422079b9a72cc5a072951a67b344904"
            ],
            "index": "pypi",
            "version": "==0.6.1"
        },
        "pyusb": {
            "hashes": [
                "sha256:2b4c7cb86dbadf044dfb9d3a4ff69fd217013dbe78a792177a3feb172449ea36",
                "sha256:a4cc7404a203144754164b8b40994e2849fde1cfff06b08492f12fff9d9de7b9"
            ],
            "markers": "python_full_version >= '3.6.0'",
            "version": "==1.2.1"
        },
        "requests": {
            "hashes": [
                "sha256:7c5599b102feddaa661c826c56ab4fee28bfd17f5abca1ebbe3e7f19d7c97983",
                "sha256:8fefa2a1a1365bf5520aac41836fbee479da67864514bdb821f31ce07ce65349"
            ],
            "markers": "python_version >= '3.7' and python_version < '4'",
            "version": "==2.28.1"
        },
        "rpi.gpio": {
            "hashes": [
                "sha256:15311d3b063b71dee738cd26570effc9985a952454d162937c34e08c0fc99902",
                "sha256:26b2ade4bb353bbe5417a64e40b45cdf00a82f27c2d320c0dd46c59751959d77",
                "sha256:29226823da8b5ccb9001d795a944f2e00924eeae583490f0bc7317581172c624",
                "sha256:57b6c044ef5375a78c8dda27cdfadf329e76aa6943cd6cffbbbd345a9adf9ca5",
                "sha256:77afb817b81331ce3049a4b8f94a85e41b7c404d8e56b61ac0f1eb75c3120868",
                "sha256:96ea7e5bf6bf592828487bfa7d3d1d0e432d5d1682e9e33b4dab398914628fcd",
                "sha256:b86b66dc02faa5461b443a1e1f0c1d209d64ab5229696f32fb3b0215e0600c8c",
                "sha256:cd61c4b03c37b62bba4a5acfea9862749c33c618e0295e7e90aa4713fb373b70"
            ],
            "index": "pypi",
            "version": "==0.7.1"
        },
        "setuptools": {
            "hashes": [
                "sha256:57f6f22bde4e042978bcd50176fdb381d7c21a9efa4041202288d3737a0c6a54",
                "sha256:a7620757bf984b58deaf32fc8a4577a9bbc0850cf92c20e1ce41c38c19e5fb75"
            ],
            "markers": "python_version >= '3.7'",
            "version": "==65.6.3"
        },
        "typing-extensions": {
            "hashes": [
                "sha256:1511434bb92bf8dd198c12b1cc812e800d4181cfcb867674e0f8279cc93087aa",
                "sha256:16fa4864408f655d35ec496218b85f79b3437c829e93320c7c9215ccfd92489e"
            ],
            "markers": "python_version >= '3.7'",
            "version": "==4.4.0"
        },
        "urllib3": {
            "hashes": [
                "sha256:47cc05d99aaa09c9e72ed5809b60e7ba354e64b59c9c173ac3018642d8bb41fc",
                "sha256:c083dd0dce68dbfbe1129d5271cb90f9447dea7d52097c6e0126120c521ddea8"
            ],
            "markers": "python_version >= '2.7' and python_version not in '3.0, 3.1, 3.2, 3.3, 3.4, 3.5'",
            "version": "==1.26.13"
        }
    },
    "develop": {}
}
