{
    "_meta": {
        "hash": {
            "sha256": "a0618b2dab8f1768fb1a1b5f09f3f3d66c214eeabe2721e5f4987a6776bfbd4f"
        },
        "pipfile-spec": 6,
        "requires": {
            "python_version": "3"
        },
        "sources": [
            {
                "name": "pypi",
                "url": "https://pypi.python.org/simple",
                "verify_ssl": true
            }
        ]
    },
    "default": {
        "adafruit-blinka": {
            "hashes": [
                "sha256:acbcfb778dc5e37ad9ef0aa1e1998e597a99c8a2a08b0dda58c05681950ea1f2"
            ],
            "markers": "python_full_version >= '3.6.0'",
            "version": "==6.13.0"
        },
        "adafruit-circuitpython-busdevice": {
            "hashes": [
                "sha256:9bb2934e90a151da8b7d9646b25c2ce0b3fd4853f8ba73e8faffedfd8315eda7"
            ],
            "version": "==5.0.6"
        },
        "adafruit-circuitpython-sht31d": {
            "hashes": [
                "sha256:428596f89ab159d3209c3d7ec719530b698af6c647ece41bbef25f594f3845e8"
            ],
            "index": "pypi",
            "version": "==2.3.2"
        },
        "adafruit-io": {
            "hashes": [
                "sha256:6bda1a024810cb4614a485bc0f18000ee61cdb5cf7b0e895d0ffc2321f100af4"
            ],
            "index": "pypi",
            "version": "==2.4.0"
        },
        "adafruit-platformdetect": {
            "hashes": [
                "sha256:726782879e1dc18c1b2f50301ab3f04c3a7817a54e35c955ee2bb64a6d60df74"
            ],
            "markers": "python_full_version >= '3.6.0'",
            "version": "==3.15.3"
        },
        "adafruit-pureio": {
            "hashes": [
                "sha256:2caf22fb07c7f771d83267f331a76cde314723f884a9570ea6f768730c87a879"
            ],
            "markers": "python_full_version >= '3.5.0'",
            "version": "==1.1.9"
        },
        "certifi": {
            "hashes": [
                "sha256:2bbf76fd432960138b3ef6dda3dde0544f27cbf8546c458e60baf371917ba9ee",
                "sha256:50b1e4f8446b06f41be7dd6338db18e0990601dce795c2b1686458aa7e8fa7d8"
            ],
            "version": "==2021.5.30"
        },
        "charset-normalizer": {
            "hashes": [
                "sha256:0c8911edd15d19223366a194a513099a302055a962bca2cec0f54b8b63175d8b",
                "sha256:f23667ebe1084be45f6ae0538e4a5a865206544097e4e8bbcacf42cd02a348f3"
            ],
            "markers": "python_version >= '3'",
            "version": "==2.0.4"
        },
        "idna": {
            "hashes": [
                "sha256:14475042e284991034cb48e06f6851428fb14c4dc953acd9be9a5e95c7b6dd7a",
                "sha256:467fbad99067910785144ce333826c71fb0e63a425657295239737f7ecd125f3"
            ],
            "markers": "python_version >= '3'",
            "version": "==3.2"
        },
        "paho-mqtt": {
            "hashes": [
                "sha256:9feb068e822be7b3a116324e01fb6028eb1d66412bf98595ae72698965cb1cae"
            ],
            "version": "==1.5.1"
        },
        "pms5003": {
            "hashes": [
                "sha256:71faeada77d9d514304b6fa7d830d3bc17d626c605871c7c0ae7fee47b7976f4",
                "sha256:721ab02c7cd0e50743871f2faf7acfa7482653fd770a87a76d73cbfa00b9a896",
                "sha256:8259f683e85b55c4f8e152b6a1174c264f2d48b3effcd57fcd73bacfd1e9b2fd"
            ],
            "index": "pypi",
            "version": "==0.0.5"
        },
        "py-sds011": {
            "hashes": [
                "sha256:61c1c7944e9a80bda27fc1db892e663c602a5f340c10557b9363401b3b603471"
            ],
            "index": "pypi",
            "version": "==0.9"
        },
        "pyftdi": {
            "hashes": [
                "sha256:5ba6de65bfc7f9ac9ace145d0a3b5f6f24778a405876bd96a4e361437cc4ce77",
                "sha256:eb88b0583c2ece4f1072ae7951f841f25fb71770833bb53d234c2936adc40841"
            ],
            "markers": "python_full_version >= '3.6.0'",
            "version": "==0.53.2"
        },
        "pyserial": {
            "hashes": [
                "sha256:6e2d401fdee0eab996cf734e67773a0143b932772ca8b42451440cfed942c627",
                "sha256:e0770fadba80c31013896c7e6ef703f72e7834965954a78e71a3049488d4d7d8"
            ],
            "index": "pypi",
            "version": "==3.4"
        },
        "python-aqi": {
            "hashes": [
                "sha256:141a03a0fed48880dc8706ca57b03f30fa91ab60e9330474bf9c9a8fb9b96020",
                "sha256:325ff7a76b66b9045e042c8086e4debd1422079b9a72cc5a072951a67b344904"
            ],
            "index": "pypi",
            "version": "==0.6.1"
        },
        "pyusb": {
            "hashes": [
                "sha256:d69ed64bff0e2102da11b3f49567256867853b861178689671a163d30865c298"
            ],
            "version": "==1.1.0"
        },
        "requests": {
            "hashes": [
                "sha256:6c1246513ecd5ecd4528a0906f910e8f0f9c6b8ec72030dc9fd154dc1a6efd24",
                "sha256:b8aa58f8cf793ffd8782d3d8cb19e66ef36f7aba4353eec859e74678b01b07a7"
            ],
            "markers": "python_version >= '2.7' and python_version not in '3.0, 3.1, 3.2, 3.3, 3.4, 3.5'",
            "version": "==2.26.0"
        },
        "rpi.gpio": {
            "hashes": [
                "sha256:7424bc6c205466764f30f666c18187a0824077daf20b295c42f08aea2cb87d3f"
            ],
            "index": "pypi",
            "version": "==0.7.0"
        },
        "urllib3": {
            "hashes": [
                "sha256:753a0374df26658f99d826cfe40394a686d05985786d946fbe4165b5148f5a7c",
                "sha256:a7acd0977125325f516bda9735fa7142b909a8d01e8b2e4c8108d0984e6e0098"
            ],
            "index": "pypi",
            "version": "==1.26.5"
        }
    },
    "develop": {}
}
